<?xml version="1.0" encoding="utf-8"?>
<Project ToolsVersion="18.0" xmlns="http://schemas.microsoft.com/developer/msbuild/2003">
  <ItemGroup>
    <CustomBuild Include="C:\OpenGL_SDK\assimp\VS2026\CMakeFiles\fcb393bd6000c8cccb98ddb80e96d700\INSTALL_force.rule">
      <Filter>CMake Rules</Filter>
    </CustomBuild>
  </ItemGroup>
  <ItemGroup>
    <Filter Include="CMake Rules">
      <UniqueIdentifier>{46FDA5FB-E9D6-363B-BD0B-6F1149C3EDFA}</UniqueIdentifier>
    </Filter>
  </ItemGroup>
</Project>
