<?xml version="1.0" encoding="utf-8"?>
<Project ToolsVersion="4.0" xmlns="http://schemas.microsoft.com/developer/msbuild/2003">
  <ItemGroup>
    <ClCompile Include="Engine\CGridAxis.cpp">
      <Filter>Engine</Filter>
    </ClCompile>
    <ClCompile Include="Engine\CLoadAssets.cpp">
      <Filter>Engine</Filter>
    </ClCompile>
    <ClCompile Include="Engine\CPrimitives.cpp">
      <Filter>Engine</Filter>
    </ClCompile>
    <ClCompile Include="Engine\CSceneBase.cpp">
      <Filter>Engine</Filter>
    </ClCompile>
    <ClCompile Include="Engine\CText.cpp">
      <Filter>Engine</Filter>
    </ClCompile>
    <ClCompile Include="Engine\CTextures.cpp">
      <Filter>Engine</Filter>
    </ClCompile>
    <ClCompile Include="Engine\CTimer.cpp">
      <Filter>Engine</Filter>
    </ClCompile>
    <ClCompile Include="Engine\imgui\imgui.cpp">
      <Filter>Engine\imgui</Filter>
    </ClCompile>
    <ClCompile Include="Engine\imgui\imgui_demo.cpp">
      <Filter>Engine\imgui</Filter>
    </ClCompile>
    <ClCompile Include="Engine\imgui\imgui_draw.cpp">
      <Filter>Engine\imgui</Filter>
    </ClCompile>
    <ClCompile Include="Engine\imgui\imgui_impl_glfw.cpp">
      <Filter>Engine\imgui</Filter>
    </ClCompile>
    <ClCompile Include="Engine\imgui\imgui_impl_opengl3.cpp">
      <Filter>Engine\imgui</Filter>
    </ClCompile>
    <ClCompile Include="Engine\imgui\imgui_tables.cpp">
      <Filter>Engine\imgui</Filter>
    </ClCompile>
    <ClCompile Include="Engine\imgui\imgui_widgets.cpp">
      <Filter>Engine\imgui</Filter>
    </ClCompile>
    <ClCompile Include="Engine\main.cpp">
      <Filter>Engine</Filter>
    </ClCompile>
    <ClCompile Include="Engine\SceneManager.cpp">
      <Filter>Engine</Filter>
    </ClCompile>
    <ClCompile Include="Scenes\FinalProject\FinalProject.cpp">
      <Filter>Scenes\FinalProject</Filter>
    </ClCompile>
    <ClCompile Include="Scenes\tde\Scene1\Scene1.cpp">
      <Filter>Scenes\tde\Scene1</Filter>
    </ClCompile>
    <ClCompile Include="Scenes\tde\Scene2\Scene2.cpp">
      <Filter>Scenes\tde\Scene2</Filter>
    </ClCompile>
    <ClCompile Include="Scenes\tde\Scene3\Scene3.cpp">
      <Filter>Scenes\tde\Scene3</Filter>
    </ClCompile>
    <ClCompile Include="Scenes\tde\Scene4\Scene4.cpp">
      <Filter>Scenes\tde\Scene4</Filter>
    </ClCompile>
  </ItemGroup>
  <ItemGroup>
    <ClInclude Include="Engine\CCamera.h">
      <Filter>Engine</Filter>
    </ClInclude>
    <ClInclude Include="Engine\CGridAxis.h">
      <Filter>Engine</Filter>
    </ClInclude>
    <ClInclude Include="Engine\CLoadAssets.h">
      <Filter>Engine</Filter>
    </ClInclude>
    <ClInclude Include="Engine\CPrimitives.h">
      <Filter>Engine</Filter>
    </ClInclude>
    <ClInclude Include="Engine\CSceneBase.h">
      <Filter>Engine</Filter>
    </ClInclude>
    <ClInclude Include="Engine\CShader.h">
      <Filter>Engine</Filter>
    </ClInclude>
    <ClInclude Include="Engine\CText.h">
      <Filter>Engine</Filter>
    </ClInclude>
    <ClInclude Include="Engine\CTextures.h">
      <Filter>Engine</Filter>
    </ClInclude>
    <ClInclude Include="Engine\CTimer.h">
      <Filter>Engine</Filter>
    </ClInclude>
    <ClInclude Include="Engine\Defines.h">
      <Filter>Engine</Filter>
    </ClInclude>
    <ClInclude Include="Engine\imgui\imconfig.h">
      <Filter>Engine\imgui</Filter>
    </ClInclude>
    <ClInclude Include="Engine\imgui\imgui.h">
      <Filter>Engine\imgui</Filter>
    </ClInclude>
    <ClInclude Include="Engine\imgui\imgui_impl_glfw.h">
      <Filter>Engine\imgui</Filter>
    </ClInclude>
    <ClInclude Include="Engine\imgui\imgui_impl_opengl3.h">
      <Filter>Engine\imgui</Filter>
    </ClInclude>
    <ClInclude Include="Engine\imgui\imgui_impl_opengl3_loader.h">
      <Filter>Engine\imgui</Filter>
    </ClInclude>
    <ClInclude Include="Engine\imgui\imgui_internal.h">
      <Filter>Engine\imgui</Filter>
    </ClInclude>
    <ClInclude Include="Engine\imgui\imstb_rectpack.h">
      <Filter>Engine\imgui</Filter>
    </ClInclude>
    <ClInclude Include="Engine\imgui\imstb_textedit.h">
      <Filter>Engine\imgui</Filter>
    </ClInclude>
    <ClInclude Include="Engine\imgui\imstb_truetype.h">
      <Filter>Engine\imgui</Filter>
    </ClInclude>
    <ClInclude Include="Engine\InputManager.h">
      <Filter>Engine</Filter>
    </ClInclude>
    <ClInclude Include="Engine\SceneManager.h">
      <Filter>Engine</Filter>
    </ClInclude>
    <ClInclude Include="Engine\stb_image.h">
      <Filter>Engine</Filter>
    </ClInclude>
    <ClInclude Include="Scenes\FinalProject\FinalProject.h">
      <Filter>Scenes\FinalProject</Filter>
    </ClInclude>
    <ClInclude Include="Scenes\tde\Scene1\Scene1.h">
      <Filter>Scenes\tde\Scene1</Filter>
    </ClInclude>
    <ClInclude Include="Scenes\tde\Scene2\Scene2.h">
      <Filter>Scenes\tde\Scene2</Filter>
    </ClInclude>
    <ClInclude Include="Scenes\tde\Scene3\Scene3.h">
      <Filter>Scenes\tde\Scene3</Filter>
    </ClInclude>
    <ClInclude Include="Scenes\tde\Scene4\Scene4.h">
      <Filter>Scenes\tde\Scene4</Filter>
    </ClInclude>
  </ItemGroup>
  <ItemGroup>
    <None Include="Scenes\Common\axis.frag">
      <Filter>Scenes\Common</Filter>
    </None>
    <None Include="Scenes\Common\axis.vert">
      <Filter>Scenes\Common</Filter>
    </None>
    <None Include="Scenes\Common\grid.frag">
      <Filter>Scenes\Common</Filter>
    </None>
    <None Include="Scenes\Common\grid.vert">
      <Filter>Scenes\Common</Filter>
    </None>
    <None Include="Scenes\Common\Solid.frag">
      <Filter>Scenes\Common</Filter>
    </None>
    <None Include="Scenes\Common\Solid.vert">
      <Filter>Scenes\Common</Filter>
    </None>
    <None Include="Scenes\Common\Text2D.frag">
      <Filter>Scenes\Common</Filter>
    </None>
    <None Include="Scenes\Common\Text2D.vert">
      <Filter>Scenes\Common</Filter>
    </None>
    <None Include="Scenes\tde\Scene1\Textured.frag">
      <Filter>Scenes\tde\Scene1</Filter>
    </None>
    <None Include="Scenes\tde\Scene1\Textured.vert">
      <Filter>Scenes\tde\Scene1</Filter>
    </None>
    <None Include="Scenes\tde\Scene2\exerc3.frag">
      <Filter>Scenes\tde\Scene2</Filter>
    </None>
    <None Include="Scenes\tde\Scene2\exerc3.vert">
      <Filter>Scenes\tde\Scene2</Filter>
    </None>
    <None Include="Scenes\tde\Scene3\Scene3.frag">
      <Filter>Scenes\tde\Scene3</Filter>
    </None>
    <None Include="Scenes\tde\Scene3\Scene3.vert">
      <Filter>Scenes\tde\Scene3</Filter>
    </None>
  </ItemGroup>
  <ItemGroup>
    <Filter Include="Engine">
      <UniqueIdentifier>{d91d2136-5c55-4691-a3f4-c26236a964ab}</UniqueIdentifier>
    </Filter>
    <Filter Include="Engine\imgui">
      <UniqueIdentifier>{98f60903-0675-48f9-9f76-255951e12879}</UniqueIdentifier>
    </Filter>
    <Filter Include="Scenes">
      <UniqueIdentifier>{c9422ba8-1e60-40ff-b542-8c40eb9bde84}</UniqueIdentifier>
    </Filter>
    <Filter Include="Scenes\Common">
      <UniqueIdentifier>{f031ac74-4dbc-4646-87f0-ab62eb99590c}</UniqueIdentifier>
    </Filter>
    <Filter Include="Scenes\FinalProject">
      <UniqueIdentifier>{e4f5a6b7-c8d9-4012-d345-6789abcdef01}</UniqueIdentifier>
    </Filter>
    <Filter Include="Scenes\tde">
      <UniqueIdentifier>{a1b2c3d4-e5f6-7890-abcd-ef1234567890}</UniqueIdentifier>
    </Filter>
    <Filter Include="Scenes\tde\Scene1">
      <UniqueIdentifier>{9a334317-1288-44ed-8891-e7356a20c901}</UniqueIdentifier>
    </Filter>
    <Filter Include="Scenes\tde\Scene2">
      <UniqueIdentifier>{b1c2d3e4-f5a6-4789-a012-3456789abcde}</UniqueIdentifier>
    </Filter>
    <Filter Include="Scenes\tde\Scene3">
      <UniqueIdentifier>{c2d3e4f5-a6b7-4890-b123-456789abcdef}</UniqueIdentifier>
    </Filter>
    <Filter Include="Scenes\tde\Scene4">
      <UniqueIdentifier>{d3e4f5a6-b7c8-4901-c234-56789abcdef0}</UniqueIdentifier>
    </Filter>
  </ItemGroup>
</Project>
