<?xml version="1.0" encoding="utf-8"?>
<Project ToolsVersion="4.0" xmlns="http://schemas.microsoft.com/developer/msbuild/2003">
  <ItemGroup>
    <ClCompile Include="Scenes\Scene0\Scene0.cpp">
      <Filter>Scenes\Scene0</Filter>
    </ClCompile>
    <ClCompile Include="Engine\CLoadAssets.cpp">
      <Filter>Engine</Filter>
    </ClCompile>
    <ClCompile Include="Engine\CPrimitives.cpp">
      <Filter>Engine</Filter>
    </ClCompile>
    <ClCompile Include="Engine\CSceneBase.cpp">
      <Filter>Engine</Filter>
    </ClCompile>
    <ClCompile Include="Engine\main.cpp">
      <Filter>Engine</Filter>
    </ClCompile>
    <ClCompile Include="Engine\SceneManager.cpp">
      <Filter>Engine</Filter>
    </ClCompile>
    <ClCompile Include="Engine\CTextures.cpp">
      <Filter>Engine</Filter>
    </ClCompile>
    <ClCompile Include="Engine\CText.cpp">
      <Filter>Engine</Filter>
    </ClCompile>
    <ClCompile Include="Engine\CTimer.cpp">
      <Filter>Engine</Filter>
    </ClCompile>
    <ClCompile Include="Engine\CGridAxis.cpp">
      <Filter>Engine</Filter>
    </ClCompile>
    <ClCompile Include="Scenes\Scene1\Scene1.cpp">
      <Filter>Scenes\Scene1</Filter>
    </ClCompile>
    <ClCompile Include="Engine\imgui\imgui.cpp">
      <Filter>Engine\imgui</Filter>
    </ClCompile>
    <ClCompile Include="Engine\imgui\imgui_demo.cpp">
      <Filter>Engine\imgui</Filter>
    </ClCompile>
    <ClCompile Include="Engine\imgui\imgui_draw.cpp">
      <Filter>Engine\imgui</Filter>
    </ClCompile>
    <ClCompile Include="Engine\imgui\imgui_impl_glfw.cpp">
      <Filter>Engine\imgui</Filter>
    </ClCompile>
    <ClCompile Include="Engine\imgui\imgui_impl_opengl3.cpp">
      <Filter>Engine\imgui</Filter>
    </ClCompile>
    <ClCompile Include="Engine\imgui\imgui_tables.cpp">
      <Filter>Engine\imgui</Filter>
    </ClCompile>
    <ClCompile Include="Engine\imgui\imgui_widgets.cpp">
      <Filter>Engine\imgui</Filter>
    </ClCompile>
    <ClCompile Include="Scenes\Scene2\Scene2.cpp">
      <Filter>Scenes\Scene2</Filter>
    </ClCompile>
    <ClCompile Include="Scenes\Scene3\Scene3.cpp">
      <Filter>Scenes\Scene3</Filter>
    </ClCompile>
    <ClCompile Include="Scenes\Scene4\Scene4.cpp">
      <Filter>Scenes\Scene4</Filter>
    </ClCompile>
  </ItemGroup>
  <ItemGroup>
    <ClInclude Include="Scenes\Scene0\Scene0.h">
      <Filter>Scenes\Scene0</Filter>
    </ClInclude>
    <ClInclude Include="Engine\CCamera.h">
      <Filter>Engine</Filter>
    </ClInclude>
    <ClInclude Include="Engine\CLoadAssets.h">
      <Filter>Engine</Filter>
    </ClInclude>
    <ClInclude Include="Engine\CPrimitives.h">
      <Filter>Engine</Filter>
    </ClInclude>
    <ClInclude Include="Engine\CSceneBase.h">
      <Filter>Engine</Filter>
    </ClInclude>
    <ClInclude Include="Engine\CShader.h">
      <Filter>Engine</Filter>
    </ClInclude>
    <ClInclude Include="Engine\Defines.h">
      <Filter>Engine</Filter>
    </ClInclude>
    <ClInclude Include="Engine\InputManager.h">
      <Filter>Engine</Filter>
    </ClInclude>
    <ClInclude Include="Engine\SceneManager.h">
      <Filter>Engine</Filter>
    </ClInclude>
    <ClInclude Include="Engine\stb_image.h">
      <Filter>Engine</Filter>
    </ClInclude>
    <ClInclude Include="Engine\CTextures.h">
      <Filter>Engine</Filter>
    </ClInclude>
    <ClInclude Include="Engine\CText.h">
      <Filter>Engine</Filter>
    </ClInclude>
    <ClInclude Include="Engine\CTimer.h">
      <Filter>Engine</Filter>
    </ClInclude>
    <ClInclude Include="Engine\CGridAxis.h">
      <Filter>Engine</Filter>
    </ClInclude>
    <ClInclude Include="Scenes\Scene1\Scene1.h">
      <Filter>Scenes\Scene1</Filter>
    </ClInclude>
    <ClInclude Include="Engine\imgui\imconfig.h">
      <Filter>Engine\imgui</Filter>
    </ClInclude>
    <ClInclude Include="Engine\imgui\imgui.h">
      <Filter>Engine\imgui</Filter>
    </ClInclude>
    <ClInclude Include="Engine\imgui\imgui_impl_glfw.h">
      <Filter>Engine\imgui</Filter>
    </ClInclude>
    <ClInclude Include="Engine\imgui\imgui_impl_opengl3.h">
      <Filter>Engine\imgui</Filter>
    </ClInclude>
    <ClInclude Include="Engine\imgui\imgui_impl_opengl3_loader.h">
      <Filter>Engine\imgui</Filter>
    </ClInclude>
    <ClInclude Include="Engine\imgui\imgui_internal.h">
      <Filter>Engine\imgui</Filter>
    </ClInclude>
    <ClInclude Include="Engine\imgui\imstb_rectpack.h">
      <Filter>Engine\imgui</Filter>
    </ClInclude>
    <ClInclude Include="Engine\imgui\imstb_textedit.h">
      <Filter>Engine\imgui</Filter>
    </ClInclude>
    <ClInclude Include="Engine\imgui\imstb_truetype.h">
      <Filter>Engine\imgui</Filter>
    </ClInclude>
    <ClInclude Include="Scenes\Scene2\Scene2.h">
      <Filter>Scenes\Scene2</Filter>
    </ClInclude>
    <ClInclude Include="Scenes\Scene3\Scene3.h">
      <Filter>Scenes\Scene3</Filter>
    </ClInclude>
    <ClInclude Include="Scenes\Scene4\Scene4.h">
      <Filter>Scenes\Scene4</Filter>
    </ClInclude>
  </ItemGroup>
  <ItemGroup>
    <None Include="Scenes\Common\Text2D.frag">
      <Filter>Scenes\Common</Filter>
    </None>
    <None Include="Scenes\Common\Text2D.vert">
      <Filter>Scenes\Common</Filter>
    </None>
    <None Include="Scenes\Common\axis.frag">
      <Filter>Scenes\Common</Filter>
    </None>
    <None Include="Scenes\Common\axis.vert">
      <Filter>Scenes\Common</Filter>
    </None>
    <None Include="Scenes\Common\grid.frag">
      <Filter>Scenes\Common</Filter>
    </None>
    <None Include="Scenes\Common\grid.vert">
      <Filter>Scenes\Common</Filter>
    </None>
    <None Include="Scenes\Scene0\Solid.frag">
      <Filter>Scenes\Scene0</Filter>
    </None>
    <None Include="Scenes\Scene0\Solid.vert">
      <Filter>Scenes\Scene0</Filter>
    </None>
    <None Include="Scenes\Scene1\Textured.frag">
      <Filter>Scenes\Scene1</Filter>
    </None>
    <None Include="Scenes\Scene1\Textured.vert">
      <Filter>Scenes\Scene1</Filter>
    </None>
    <None Include="Scenes\Scene2\River.frag">
      <Filter>Scenes\Scene2</Filter>
    </None>
    <None Include="Scenes\Scene2\River.vert">
      <Filter>Scenes\Scene2</Filter>
    </None>
    <None Include="Scenes\Scene2\MTMask.frag">
      <Filter>Scenes\Scene2</Filter>
    </None>
    <None Include="Scenes\Scene2\MTMask.vert">
      <Filter>Scenes\Scene2</Filter>
    </None>
    <None Include="Scenes\Scene2\LightMap.frag">
      <Filter>Scenes\Scene2</Filter>
    </None>
    <None Include="Scenes\Scene2\LightMap.vert">
      <Filter>Scenes\Scene2</Filter>
    </None>
    <None Include="Scenes\Scene2\Decal.frag">
      <Filter>Scenes\Scene2</Filter>
    </None>
    <None Include="Scenes\Scene2\Decal.vert">
      <Filter>Scenes\Scene2</Filter>
    </None>
    <None Include="Scenes\Scene3\Textured.frag">
      <Filter>Scenes\Scene3</Filter>
    </None>
    <None Include="Scenes\Scene3\Textured.vert">
      <Filter>Scenes\Scene3</Filter>
    </None>
    <None Include="Scenes\Scene4\exerc3.frag">
      <Filter>Scenes\Scene4</Filter>
    </None>
    <None Include="Scenes\Scene4\exerc3.vert">
      <Filter>Scenes\Scene4</Filter>
    </None>
  </ItemGroup>
  <ItemGroup>
    <Filter Include="Engine">
      <UniqueIdentifier>{d91d2136-5c55-4691-a3f4-c26236a964ab}</UniqueIdentifier>
    </Filter>
    <Filter Include="Scenes">
      <UniqueIdentifier>{c9422ba8-1e60-40ff-b542-8c40eb9bde84}</UniqueIdentifier>
    </Filter>
    <Filter Include="Scenes\Scene0">
      <UniqueIdentifier>{e2fa19c6-f416-44b0-9247-b37f68c24a27}</UniqueIdentifier>
    </Filter>
    <Filter Include="Scenes\Common">
      <UniqueIdentifier>{f031ac74-4dbc-4646-87f0-ab62eb99590c}</UniqueIdentifier>
    </Filter>
    <Filter Include="Scenes\Scene1">
      <UniqueIdentifier>{bf32c4f1-0be4-488c-abc2-52775eb1ba8d}</UniqueIdentifier>
    </Filter>
    <Filter Include="Engine\imgui">
      <UniqueIdentifier>{98f60903-0675-48f9-9f76-255951e12879}</UniqueIdentifier>
    </Filter>
    <Filter Include="Scenes\Scene2">
      <UniqueIdentifier>{6326da46-e2a2-4545-9210-61d5be615de2}</UniqueIdentifier>
    </Filter>
    <Filter Include="Scenes\Scene3">
      <UniqueIdentifier>{9a334317-1288-44ed-8891-e7356a20c901}</UniqueIdentifier>
    </Filter>
    <Filter Include="Scenes\Scene4">
      <UniqueIdentifier>{b1c2d3e4-f5a6-4789-a012-3456789abcde}</UniqueIdentifier>
    </Filter>
  </ItemGroup>
</Project>