<?xml version="1.0" encoding="utf-8"?>
<Project ToolsVersion="18.0" xmlns="http://schemas.microsoft.com/developer/msbuild/2003">
  <ItemGroup>
    <CustomBuild Include="C:\OpenGL_SDK\glfw\VS2026\CMakeFiles\c077b46f76bbf0b058de615920b4c5e3\INSTALL_force.rule">
      <Filter>CMake Rules</Filter>
    </CustomBuild>
  </ItemGroup>
  <ItemGroup>
    <Filter Include="CMake Rules">
      <UniqueIdentifier>{92B40656-6D05-3FA4-8A79-0B8E12E5FB02}</UniqueIdentifier>
    </Filter>
  </ItemGroup>
</Project>
